
Microsoft Visual Studio Solution File, Format Version 12.00
# Visual Studio Version 16
VisualStudioVersion = 16.0.30011.22
MinimumVisualStudioVersion = 10.0.40219.1
Project("{9A19103F-16F7-4668-BE54-9A1E7A4F7556}") = "TestTask.WebApi", "TestTask.WebApi\TestTask.WebApi.csproj", "{0FBCA588-8663-471E-9A67-B29FD8130A56}"
EndProject
Project("{FAE04EC0-301F-11D3-BF4B-00C04F79EFBC}") = "TestTask.Domain", "TestTask.Domain\TestTask.Domain.csproj", "{463AA87E-BD18-4E49-842B-4517266EF18C}"
EndProject
Project("{FAE04EC0-301F-11D3-BF4B-00C04F79EFBC}") = "TestTask.Services", "TestTask.Services\TestTask.Services.csproj", "{3863DA36-4167-484F-A91A-1DB509DE1185}"
EndProject
Project("{FAE04EC0-301F-11D3-BF4B-00C04F79EFBC}") = "TestTask.Persistance", "TestTask.Persistance\TestTask.Persistance.csproj", "{FF6896C5-1725-4B4C-B712-D0F8D7D4C0B4}"
EndProject
Global
	GlobalSection(SolutionConfigurationPlatforms) = preSolution
		Debug|Any CPU = Debug|Any CPU
		Release|Any CPU = Release|Any CPU
	EndGlobalSection
	GlobalSection(ProjectConfigurationPlatforms) = postSolution
		{0FBCA588-8663-471E-9A67-B29FD8130A56}.Debug|Any CPU.ActiveCfg = Debug|Any CPU
		{0FBCA588-8663-471E-9A67-B29FD8130A56}.Debug|Any CPU.Build.0 = Debug|Any CPU
		{0FBCA588-8663-471E-9A67-B29FD8130A56}.Release|Any CPU.ActiveCfg = Release|Any CPU
		{0FBCA588-8663-471E-9A67-B29FD8130A56}.Release|Any CPU.Build.0 = Release|Any CPU
		{463AA87E-BD18-4E49-842B-4517266EF18C}.Debug|Any CPU.ActiveCfg = Debug|Any CPU
		{463AA87E-BD18-4E49-842B-4517266EF18C}.Debug|Any CPU.Build.0 = Debug|Any CPU
		{463AA87E-BD18-4E49-842B-4517266EF18C}.Release|Any CPU.ActiveCfg = Release|Any CPU
		{463AA87E-BD18-4E49-842B-4517266EF18C}.Release|Any CPU.Build.0 = Release|Any CPU
		{3863DA36-4167-484F-A91A-1DB509DE1185}.Debug|Any CPU.ActiveCfg = Debug|Any CPU
		{3863DA36-4167-484F-A91A-1DB509DE1185}.Debug|Any CPU.Build.0 = Debug|Any CPU
		{3863DA36-4167-484F-A91A-1DB509DE1185}.Release|Any CPU.ActiveCfg = Release|Any CPU
		{3863DA36-4167-484F-A91A-1DB509DE1185}.Release|Any CPU.Build.0 = Release|Any CPU
		{FF6896C5-1725-4B4C-B712-D0F8D7D4C0B4}.Debug|Any CPU.ActiveCfg = Debug|Any CPU
		{FF6896C5-1725-4B4C-B712-D0F8D7D4C0B4}.Debug|Any CPU.Build.0 = Debug|Any CPU
		{FF6896C5-1725-4B4C-B712-D0F8D7D4C0B4}.Release|Any CPU.ActiveCfg = Release|Any CPU
		{FF6896C5-1725-4B4C-B712-D0F8D7D4C0B4}.Release|Any CPU.Build.0 = Release|Any CPU
	EndGlobalSection
	GlobalSection(SolutionProperties) = preSolution
		HideSolutionNode = FALSE
	EndGlobalSection
	GlobalSection(ExtensibilityGlobals) = postSolution
		SolutionGuid = {58C237AF-EBCF-4E8A-BD3B-273744DFAF79}
	EndGlobalSection
EndGlobal
